
Microsoft Visual Studio Solution File, Format Version 12.00
# Visual Studio 15
VisualStudioVersion = 15.0.28307.572
MinimumVisualStudioVersion = 10.0.40219.1
Project("{FAE04EC0-301F-11D3-BF4B-00C04F79EFBC}") = "QuotesService", "QuotesService\QuotesService.csproj", "{B3137B46-1877-4DC3-962B-3350CF14D218}"
EndProject
Global
	GlobalSection(SolutionConfigurationPlatforms) = preSolution
		Debug|Any CPU = Debug|Any CPU
		Release|Any CPU = Release|Any CPU
	EndGlobalSection
	GlobalSection(ProjectConfigurationPlatforms) = postSolution
		{B3137B46-1877-4DC3-962B-3350CF14D218}.Debug|Any CPU.ActiveCfg = Debug|Any CPU
		{B3137B46-1877-4DC3-962B-3350CF14D218}.Debug|Any CPU.Build.0 = Debug|Any CPU
		{B3137B46-1877-4DC3-962B-3350CF14D218}.Release|Any CPU.ActiveCfg = Release|Any CPU
		{B3137B46-1877-4DC3-962B-3350CF14D218}.Release|Any CPU.Build.0 = Release|Any CPU
	EndGlobalSection
	GlobalSection(SolutionProperties) = preSolution
		HideSolutionNode = FALSE
	EndGlobalSection
	GlobalSection(ExtensibilityGlobals) = postSolution
		SolutionGuid = {A3499EEE-D44E-49B8-AEC0-1E5155C45A7B}
	EndGlobalSection
EndGlobal
